
Microsoft Visual Studio Solution File, Format Version 12.00
# Visual Studio 15
VisualStudioVersion = 15.0.27703.2026
MinimumVisualStudioVersion = 10.0.40219.1
Project("{FAE04EC0-301F-11D3-BF4B-00C04F79EFBC}") = "ShopApp", "ShopApp\ShopApp.csproj", "{0471AF4C-2CBA-4A78-ACF2-222B6C81FBA8}"
EndProject
Global
	GlobalSection(SolutionConfigurationPlatforms) = preSolution
		Debug|Any CPU = Debug|Any CPU
		Release|Any CPU = Release|Any CPU
	EndGlobalSection
	GlobalSection(ProjectConfigurationPlatforms) = postSolution
		{0471AF4C-2CBA-4A78-ACF2-222B6C81FBA8}.Debug|Any CPU.ActiveCfg = Debug|Any CPU
		{0471AF4C-2CBA-4A78-ACF2-222B6C81FBA8}.Debug|Any CPU.Build.0 = Debug|Any CPU
		{0471AF4C-2CBA-4A78-ACF2-222B6C81FBA8}.Release|Any CPU.ActiveCfg = Release|Any CPU
		{0471AF4C-2CBA-4A78-ACF2-222B6C81FBA8}.Release|Any CPU.Build.0 = Release|Any CPU
	EndGlobalSection
	GlobalSection(SolutionProperties) = preSolution
		HideSolutionNode = FALSE
	EndGlobalSection
	GlobalSection(ExtensibilityGlobals) = postSolution
		SolutionGuid = {F678F010-8C4E-4230-BE3C-11EF9666332F}
	EndGlobalSection
EndGlobal
